
Microsoft Visual Studio Solution File, Format Version 12.00
# Visual Studio Version 16
VisualStudioVersion = 16.0.30523.141
MinimumVisualStudioVersion = 10.0.40219.1
Project("{FAE04EC0-301F-11D3-BF4B-00C04F79EFBC}") = "Task1", "Task1\Task1.csproj", "{84AD43A7-8F3B-4C0B-8C50-92C934773F8D}"
EndProject
Project("{FAE04EC0-301F-11D3-BF4B-00C04F79EFBC}") = "Task2", "Task2\Task2.csproj", "{705F7CAB-8385-46BF-93D4-181F75CB5EF9}"
EndProject
Global
	GlobalSection(SolutionConfigurationPlatforms) = preSolution
		Debug|Any CPU = Debug|Any CPU
		Release|Any CPU = Release|Any CPU
	EndGlobalSection
	GlobalSection(ProjectConfigurationPlatforms) = postSolution
		{84AD43A7-8F3B-4C0B-8C50-92C934773F8D}.Debug|Any CPU.ActiveCfg = Debug|Any CPU
		{84AD43A7-8F3B-4C0B-8C50-92C934773F8D}.Debug|Any CPU.Build.0 = Debug|Any CPU
		{84AD43A7-8F3B-4C0B-8C50-92C934773F8D}.Release|Any CPU.ActiveCfg = Release|Any CPU
		{84AD43A7-8F3B-4C0B-8C50-92C934773F8D}.Release|Any CPU.Build.0 = Release|Any CPU
		{705F7CAB-8385-46BF-93D4-181F75CB5EF9}.Debug|Any CPU.ActiveCfg = Debug|Any CPU
		{705F7CAB-8385-46BF-93D4-181F75CB5EF9}.Debug|Any CPU.Build.0 = Debug|Any CPU
		{705F7CAB-8385-46BF-93D4-181F75CB5EF9}.Release|Any CPU.ActiveCfg = Release|Any CPU
		{705F7CAB-8385-46BF-93D4-181F75CB5EF9}.Release|Any CPU.Build.0 = Release|Any CPU
	EndGlobalSection
	GlobalSection(SolutionProperties) = preSolution
		HideSolutionNode = FALSE
	EndGlobalSection
	GlobalSection(ExtensibilityGlobals) = postSolution
		SolutionGuid = {77A2243C-F510-4E2D-BB93-F9A4D2C86E3C}
	EndGlobalSection
EndGlobal
