
Microsoft Visual Studio Solution File, Format Version 12.00
# Visual Studio Version 16
VisualStudioVersion = 16.0.30523.141
MinimumVisualStudioVersion = 10.0.40219.1
Project("{FAE04EC0-301F-11D3-BF4B-00C04F79EFBC}") = "Task1", "Task1\Task1.csproj", "{84AD43A7-8F3B-4C0B-8C50-92C934773F8D}"
EndProject
Project("{FAE04EC0-301F-11D3-BF4B-00C04F79EFBC}") = "Task2", "Task2\Task2.csproj", "{705F7CAB-8385-46BF-93D4-181F75CB5EF9}"
EndProject
Project("{FAE04EC0-301F-11D3-BF4B-00C04F79EFBC}") = "Task3", "Task3\Task3.csproj", "{70BEDE15-6A30-4402-BD8A-FDF1B6B49C0D}"
EndProject
Project("{FAE04EC0-301F-11D3-BF4B-00C04F79EFBC}") = "Task4", "Task4\Task4.csproj", "{21DA3F0A-A8B9-49B3-A94E-19F3A333F149}"
EndProject
Project("{FAE04EC0-301F-11D3-BF4B-00C04F79EFBC}") = "Task5", "Task5\Task5.csproj", "{2CF08EDF-A566-432B-84D4-58FDC8A736A3}"
EndProject
Project("{FAE04EC0-301F-11D3-BF4B-00C04F79EFBC}") = "Task6", "Task6\Task6.csproj", "{820C3096-508E-4899-B757-DAB91BEB3E2E}"
EndProject
Project("{FAE04EC0-301F-11D3-BF4B-00C04F79EFBC}") = "Task7", "Task7\Task7.csproj", "{6B1727AA-7619-4630-AD02-44663E3D44B4}"
EndProject
Global
	GlobalSection(SolutionConfigurationPlatforms) = preSolution
		Debug|Any CPU = Debug|Any CPU
		Release|Any CPU = Release|Any CPU
	EndGlobalSection
	GlobalSection(ProjectConfigurationPlatforms) = postSolution
		{84AD43A7-8F3B-4C0B-8C50-92C934773F8D}.Debug|Any CPU.ActiveCfg = Debug|Any CPU
		{84AD43A7-8F3B-4C0B-8C50-92C934773F8D}.Debug|Any CPU.Build.0 = Debug|Any CPU
		{84AD43A7-8F3B-4C0B-8C50-92C934773F8D}.Release|Any CPU.ActiveCfg = Release|Any CPU
		{84AD43A7-8F3B-4C0B-8C50-92C934773F8D}.Release|Any CPU.Build.0 = Release|Any CPU
		{705F7CAB-8385-46BF-93D4-181F75CB5EF9}.Debug|Any CPU.ActiveCfg = Debug|Any CPU
		{705F7CAB-8385-46BF-93D4-181F75CB5EF9}.Debug|Any CPU.Build.0 = Debug|Any CPU
		{705F7CAB-8385-46BF-93D4-181F75CB5EF9}.Release|Any CPU.ActiveCfg = Release|Any CPU
		{705F7CAB-8385-46BF-93D4-181F75CB5EF9}.Release|Any CPU.Build.0 = Release|Any CPU
		{70BEDE15-6A30-4402-BD8A-FDF1B6B49C0D}.Debug|Any CPU.ActiveCfg = Debug|Any CPU
		{70BEDE15-6A30-4402-BD8A-FDF1B6B49C0D}.Debug|Any CPU.Build.0 = Debug|Any CPU
		{70BEDE15-6A30-4402-BD8A-FDF1B6B49C0D}.Release|Any CPU.ActiveCfg = Release|Any CPU
		{70BEDE15-6A30-4402-BD8A-FDF1B6B49C0D}.Release|Any CPU.Build.0 = Release|Any CPU
		{21DA3F0A-A8B9-49B3-A94E-19F3A333F149}.Debug|Any CPU.ActiveCfg = Debug|Any CPU
		{21DA3F0A-A8B9-49B3-A94E-19F3A333F149}.Debug|Any CPU.Build.0 = Debug|Any CPU
		{21DA3F0A-A8B9-49B3-A94E-19F3A333F149}.Release|Any CPU.ActiveCfg = Release|Any CPU
		{21DA3F0A-A8B9-49B3-A94E-19F3A333F149}.Release|Any CPU.Build.0 = Release|Any CPU
		{2CF08EDF-A566-432B-84D4-58FDC8A736A3}.Debug|Any CPU.ActiveCfg = Debug|Any CPU
		{2CF08EDF-A566-432B-84D4-58FDC8A736A3}.Debug|Any CPU.Build.0 = Debug|Any CPU
		{2CF08EDF-A566-432B-84D4-58FDC8A736A3}.Release|Any CPU.ActiveCfg = Release|Any CPU
		{2CF08EDF-A566-432B-84D4-58FDC8A736A3}.Release|Any CPU.Build.0 = Release|Any CPU
		{820C3096-508E-4899-B757-DAB91BEB3E2E}.Debug|Any CPU.ActiveCfg = Debug|Any CPU
		{820C3096-508E-4899-B757-DAB91BEB3E2E}.Debug|Any CPU.Build.0 = Debug|Any CPU
		{820C3096-508E-4899-B757-DAB91BEB3E2E}.Release|Any CPU.ActiveCfg = Release|Any CPU
		{820C3096-508E-4899-B757-DAB91BEB3E2E}.Release|Any CPU.Build.0 = Release|Any CPU
		{6B1727AA-7619-4630-AD02-44663E3D44B4}.Debug|Any CPU.ActiveCfg = Debug|Any CPU
		{6B1727AA-7619-4630-AD02-44663E3D44B4}.Debug|Any CPU.Build.0 = Debug|Any CPU
		{6B1727AA-7619-4630-AD02-44663E3D44B4}.Release|Any CPU.ActiveCfg = Release|Any CPU
		{6B1727AA-7619-4630-AD02-44663E3D44B4}.Release|Any CPU.Build.0 = Release|Any CPU
	EndGlobalSection
	GlobalSection(SolutionProperties) = preSolution
		HideSolutionNode = FALSE
	EndGlobalSection
	GlobalSection(ExtensibilityGlobals) = postSolution
		SolutionGuid = {77A2243C-F510-4E2D-BB93-F9A4D2C86E3C}
	EndGlobalSection
EndGlobal
